
Microsoft Visual Studio Solution File, Format Version 12.00
Project("{FAE04EC0-301F-11D3-BF4B-00C04F79EFBC}") = "kafka-producer", "kafka-producer\kafka-producer.csproj", "{D909766B-8C4C-482A-B5CA-5B8C3F6BB578}"
EndProject
Global
	GlobalSection(SolutionConfigurationPlatforms) = preSolution
		Debug|Any CPU = Debug|Any CPU
		Release|Any CPU = Release|Any CPU
	EndGlobalSection
	GlobalSection(ProjectConfigurationPlatforms) = postSolution
		{D909766B-8C4C-482A-B5CA-5B8C3F6BB578}.Debug|Any CPU.ActiveCfg = Debug|Any CPU
		{D909766B-8C4C-482A-B5CA-5B8C3F6BB578}.Debug|Any CPU.Build.0 = Debug|Any CPU
		{D909766B-8C4C-482A-B5CA-5B8C3F6BB578}.Release|Any CPU.ActiveCfg = Release|Any CPU
		{D909766B-8C4C-482A-B5CA-5B8C3F6BB578}.Release|Any CPU.Build.0 = Release|Any CPU
	EndGlobalSection
EndGlobal
